
Microsoft Visual Studio Solution File, Format Version 12.00
# Visual Studio Version 17
VisualStudioVersion = 17.1.31903.286
MinimumVisualStudioVersion = 10.0.40219.1
Project("{FAE04EC0-301F-11D3-BF4B-00C04F79EFBC}") = "TShirt", "TShirt\TShirt.csproj", "{47F6430B-EB49-48B3-ADA0-FE926BFEF983}"
EndProject
Global
	GlobalSection(SolutionConfigurationPlatforms) = preSolution
		Debug|Any CPU = Debug|Any CPU
		Release|Any CPU = Release|Any CPU
	EndGlobalSection
	GlobalSection(ProjectConfigurationPlatforms) = postSolution
		{47F6430B-EB49-48B3-ADA0-FE926BFEF983}.Debug|Any CPU.ActiveCfg = Debug|Any CPU
		{47F6430B-EB49-48B3-ADA0-FE926BFEF983}.Debug|Any CPU.Build.0 = Debug|Any CPU
		{47F6430B-EB49-48B3-ADA0-FE926BFEF983}.Release|Any CPU.ActiveCfg = Release|Any CPU
		{47F6430B-EB49-48B3-ADA0-FE926BFEF983}.Release|Any CPU.Build.0 = Release|Any CPU
	EndGlobalSection
	GlobalSection(SolutionProperties) = preSolution
		HideSolutionNode = FALSE
	EndGlobalSection
	GlobalSection(ExtensibilityGlobals) = postSolution
		SolutionGuid = {A2052228-73F8-4794-87ED-FB0C90C23047}
	EndGlobalSection
EndGlobal
